// !$*UTF8*$!
{
	archiveVersion = 1;
	classes = {
	};
	objectVersion = 50;
	objects = {

/* Begin PBXBuildFile section */
		4EC0CF162151CA7C00355C29 /* AppDelegate.swift in Sources */ = {isa = PBXBuildFile; fileRef = 4EC0CF152151CA7C00355C29 /* AppDelegate.swift */; };
		4EC0CF182151CA7C00355C29 /* ViewController.swift in Sources */ = {isa = PBXBuildFile; fileRef = 4EC0CF172151CA7C00355C29 /* ViewController.swift */; };
		4EC0CF1B2151CA7C00355C29 /* Main.storyboard in Resources */ = {isa = PBXBuildFile; fileRef = 4EC0CF192151CA7C00355C29 /* Main.storyboard */; };
		4EC0CF1E2151CA7C00355C29 /* Persisting.xcdatamodeld in Sources */ = {isa = PBXBuildFile; fileRef = 4EC0CF1C2151CA7C00355C29 /* Persisting.xcdatamodeld */; };
		4EC0CF202151CA7E00355C29 /* Assets.xcassets in Resources */ = {isa = PBXBuildFile; fileRef = 4EC0CF1F2151CA7E00355C29 /* Assets.xcassets */; };
		4EC0CF232151CA7E00355C29 /* LaunchScreen.storyboard in Resources */ = {isa = PBXBuildFile; fileRef = 4EC0CF212151CA7E00355C29 /* LaunchScreen.storyboard */; };
		4EC0CF2B2151D06500355C29 /* Item.swift in Sources */ = {isa = PBXBuildFile; fileRef = 4EC0CF2A2151D06500355C29 /* Item.swift */; };
/* End PBXBuildFile section */

/* Begin PBXFileReference section */
		4EC0CF122151CA7C00355C29 /* Persisting.app */ = {isa = PBXFileReference; explicitFileType = wrapper.application; includeInIndex = 0; path = Persisting.app; sourceTree = BUILT_PRODUCTS_DIR; };
		4EC0CF152151CA7C00355C29 /* AppDelegate.swift */ = {isa = PBXFileReference; lastKnownFileType = sourcecode.swift; path = AppDelegate.swift; sourceTree = "<group>"; };
		4EC0CF172151CA7C00355C29 /* ViewController.swift */ = {isa = PBXFileReference; lastKnownFileType = sourcecode.swift; path = ViewController.swift; sourceTree = "<group>"; };
		4EC0CF1A2151CA7C00355C29 /* Base */ = {isa = PBXFileReference; lastKnownFileType = file.storyboard; name = Base; path = Base.lproj/Main.storyboard; sourceTree = "<group>"; };
		4EC0CF1D2151CA7C00355C29 /* Persisting.xcdatamodel */ = {isa = PBXFileReference; lastKnownFileType = wrapper.xcdatamodel; path = Persisting.xcdatamodel; sourceTree = "<group>"; };
		4EC0CF1F2151CA7E00355C29 /* Assets.xcassets */ = {isa = PBXFileReference; lastKnownFileType = folder.assetcatalog; path = Assets.xcassets; sourceTree = "<group>"; };
		4EC0CF222151CA7E00355C29 /* Base */ = {isa = PBXFileReference; lastKnownFileType = file.storyboard; name = Base; path = Base.lproj/LaunchScreen.storyboard; sourceTree = "<group>"; };
		4EC0CF242151CA7E00355C29 /* Info.plist */ = {isa = PBXFileReference; lastKnownFileType = text.plist.xml; path = Info.plist; sourceTree = "<group>"; };
		4EC0CF2A2151D06500355C29 /* Item.swift */ = {isa = PBXFileReference; lastKnownFileType = sourcecode.swift; path = Item.swift; sourceTree = "<group>"; };
/* End PBXFileReference section */

/* Begin PBXFrameworksBuildPhase section */
		4EC0CF0F2151CA7C00355C29 /* Frameworks */ = {
			isa = PBXFrameworksBuildPhase;
			buildActionMask = 2147483647;
			files = (
			);
			runOnlyForDeploymentPostprocessing = 0;
		};
/* End PBXFrameworksBuildPhase section */

/* Begin PBXGroup section */
		4EC0CF092151CA7C00355C29 = {
			isa = PBXGroup;
			children = (
				4EC0CF142151CA7C00355C29 /* Persisting */,
				4EC0CF132151CA7C00355C29 /* Products */,
			);
			sourceTree = "<group>";
		};
		4EC0CF132151CA7C00355C29 /* Products */ = {
			isa = PBXGroup;
			children = (
				4EC0CF122151CA7C00355C29 /* Persisting.app */,
			);
			name = Products;
			sourceTree = "<group>";
		};
		4EC0CF142151CA7C00355C29 /* Persisting */ = {
			isa = PBXGroup;
			children = (
				4EC0CF152151CA7C00355C29 /* AppDelegate.swift */,
				4EC0CF172151CA7C00355C29 /* ViewController.swift */,
				4EC0CF2A2151D06500355C29 /* Item.swift */,
				4EC0CF192151CA7C00355C29 /* Main.storyboard */,
				4EC0CF1F2151CA7E00355C29 /* Assets.xcassets */,
				4EC0CF212151CA7E00355C29 /* LaunchScreen.storyboard */,
				4EC0CF242151CA7E00355C29 /* Info.plist */,
				4EC0CF1C2151CA7C00355C29 /* Persisting.xcdatamodeld */,
			);
			path = Persisting;
			sourceTree = "<group>";
		};
/* End PBXGroup section */

/* Begin PBXNativeTarget section */
		4EC0CF112151CA7C00355C29 /* Persisting */ = {
			isa = PBXNativeTarget;
			buildConfigurationList = 4EC0CF272151CA7E00355C29 /* Build configuration list for PBXNativeTarget "Persisting" */;
			buildPhases = (
				4EC0CF0E2151CA7C00355C29 /* Sources */,
				4EC0CF0F2151CA7C00355C29 /* Frameworks */,
				4EC0CF102151CA7C00355C29 /* Resources */,
			);
			buildRules = (
			);
			dependencies = (
			);
			name = Persisting;
			productName = Persisting;
			productReference = 4EC0CF122151CA7C00355C29 /* Persisting.app */;
			productType = "com.apple.product-type.application";
		};
/* End PBXNativeTarget section */

/* Begin PBXProject section */
		4EC0CF0A2151CA7C00355C29 /* Project object */ = {
			isa = PBXProject;
			attributes = {
				LastSwiftUpdateCheck = 1000;
				LastUpgradeCheck = 1000;
				ORGANIZATIONNAME = "Zabeehullah Qayumi";
				TargetAttributes = {
					4EC0CF112151CA7C00355C29 = {
						CreatedOnToolsVersion = 10.0;
					};
				};
			};
			buildConfigurationList = 4EC0CF0D2151CA7C00355C29 /* Build configuration list for PBXProject "Persisting" */;
			compatibilityVersion = "Xcode 9.3";
			developmentRegion = en;
			hasScannedForEncodings = 0;
			knownRegions = (
				en,
				Base,
			);
			mainGroup = 4EC0CF092151CA7C00355C29;
			productRefGroup = 4EC0CF132151CA7C00355C29 /* Products */;
			projectDirPath = "";
			projectRoot = "";
			targets = (
				4EC0CF112151CA7C00355C29 /* Persisting */,
			);
		};
/* End PBXProject section */

/* Begin PBXResourcesBuildPhase section */
		4EC0CF102151CA7C00355C29 /* Resources */ = {
			isa = PBXResourcesBuildPhase;
			buildActionMask = 2147483647;
			files = (
				4EC0CF232151CA7E00355C29 /* LaunchScreen.storyboard in Resources */,
				4EC0CF202151CA7E00355C29 /* Assets.xcassets in Resources */,
				4EC0CF1B2151CA7C00355C29 /* Main.storyboard in Resources */,
			);
			runOnlyForDeploymentPostprocessing = 0;
		};
/* End PBXResourcesBuildPhase section */

/* Begin PBXSourcesBuildPhase section */
		4EC0CF0E2151CA7C00355C29 /* Sources */ = {
			isa = PBXSourcesBuildPhase;
			buildActionMask = 2147483647;
			files = (
				4EC0CF2B2151D06500355C29 /* Item.swift in Sources */,
				4EC0CF1E2151CA7C00355C29 /* Persisting.xcdatamodeld in Sources */,
				4EC0CF182151CA7C00355C29 /* ViewController.swift in Sources */,
				4EC0CF162151CA7C00355C29 /* AppDelegate.swift in Sources */,
			);
			runOnlyForDeploymentPostprocessing = 0;
		};
/* End PBXSourcesBuildPhase section */

/* Begin PBXVariantGroup section */
		4EC0CF192151CA7C00355C29 /* Main.storyboard */ = {
			isa = PBXVariantGroup;
			children = (
				4EC0CF1A2151CA7C00355C29 /* Base */,
			);
			name = Main.storyboard;
			sourceTree = "<group>";
		};
		4EC0CF212151CA7E00355C29 /* LaunchScreen.storyboard */ = {
			isa = PBXVariantGroup;
			children = (
				4EC0CF222151CA7E00355C29 /* Base */,
			);
			name = LaunchScreen.storyboard;
			sourceTree = "<group>";
		};
/* End PBXVariantGroup section */

/* Begin XCBuildConfiguration section */
		4EC0CF252151CA7E00355C29 /* Debug */ = {
			isa = XCBuildConfiguration;
			buildSettings = {
				ALWAYS_SEARCH_USER_PATHS = NO;
				CLANG_ANALYZER_NONNULL = YES;
				CLANG_ANALYZER_NUMBER_OBJECT_CONVERSION = YES_AGGRESSIVE;
				CLANG_CXX_LANGUAGE_STANDARD = "gnu++14";
				CLANG_CXX_LIBRARY = "libc++";
				CLANG_ENABLE_MODULES = YES;
				CLANG_ENABLE_OBJC_ARC = YES;
				CLANG_ENABLE_OBJC_WEAK = YES;
				CLANG_WARN_BLOCK_CAPTURE_AUTORELEASING = YES;
				CLANG_WARN_BOOL_CONVERSION = YES;
				CLANG_WARN_COMMA = YES;
				CLANG_WARN_CONSTANT_CONVERSION = YES;
				CLANG_WARN_DEPRECATED_OBJC_IMPLEMENTATIONS = YES;
				CLANG_WARN_DIRECT_OBJC_ISA_USAGE = YES_ERROR;
				CLANG_WARN_DOCUMENTATION_COMMENTS = YES;
				CLANG_WARN_EMPTY_BODY = YES;
				CLANG_WARN_ENUM_CONVERSION = YES;
				CLANG_WARN_INFINITE_RECURSION = YES;
				CLANG_WARN_INT_CONVERSION = YES;
				CLANG_WARN_NON_LITERAL_NULL_CONVERSION = YES;
				CLANG_WARN_OBJC_IMPLICIT_RETAIN_SELF = YES;
				CLANG_WARN_OBJC_LITERAL_CONVERSION = YES;
				CLANG_WARN_OBJC_ROOT_CLASS = YES_ERROR;
				CLANG_WARN_RANGE_LOOP_ANALYSIS = YES;
				CLANG_WARN_STRICT_PROTOTYPES = YES;
				CLANG_WARN_SUSPICIOUS_MOVE = YES;
				CLANG_WARN_UNGUARDED_AVAILABILITY = YES_AGGRESSIVE;
				CLANG_WARN_UNREACHABLE_CODE = YES;
				CLANG_WARN__DUPLICATE_METHOD_MATCH = YES;
				CODE_SIGN_IDENTITY = "iPhone Developer";
				COPY_PHASE_STRIP = NO;
				DEBUG_INFORMATION_FORMAT = dwarf;
				ENABLE_STRICT_OBJC_MSGSEND = YES;
				ENABLE_TESTABILITY = YES;
				GCC_C_LANGUAGE_STANDARD = gnu11;
				GCC_DYNAMIC_NO_PIC = NO;
				GCC_NO_COMMON_BLOCKS = YES;
				GCC_OPTIMIZATION_LEVEL = 0;
				GCC_PREPROCESSOR_DEFINITIONS = (
					"DEBUG=1",
					"$(inherited)",
				);
				GCC_WARN_64_TO_32_BIT_CONVERSION = YES;
				GCC_WARN_ABOUT_RETURN_TYPE = YES_ERROR;
				GCC_WARN_UNDECLARED_SELECTOR = YES;
				GCC_WARN_UNINITIALIZED_AUTOS = YES_AGGRESSIVE;
				GCC_WARN_UNUSED_FUNCTION = YES;
				GCC_WARN_UNUSED_VARIABLE = YES;
				IPHONEOS_DEPLOYMENT_TARGET = 12.0;
				MTL_ENABLE_DEBUG_INFO = INCLUDE_SOURCE;
				MTL_FAST_MATH = YES;
				ONLY_ACTIVE_ARCH = YES;
				SDKROOT = iphoneos;
				SWIFT_ACTIVE_COMPILATION_CONDITIONS = DEBUG;
				SWIFT_OPTIMIZATION_LEVEL = "-Onone";
			};
			name = Debug;
		};
		4EC0CF262151CA7E00355C29 /* Release */ = {
			isa = XCBuildConfiguration;
			buildSettings = {
				ALWAYS_SEARCH_USER_PATHS = NO;
				CLANG_ANALYZER_NONNULL = YES;
				CLANG_ANALYZER_NUMBER_OBJECT_CONVERSION = YES_AGGRESSIVE;
				CLANG_CXX_LANGUAGE_STANDARD = "gnu++14";
				CLANG_CXX_LIBRARY = "libc++";
				CLANG_ENABLE_MODULES = YES;
				CLANG_ENABLE_OBJC_ARC = YES;
				CLANG_ENABLE_OBJC_WEAK = YES;
				CLANG_WARN_BLOCK_CAPTURE_AUTORELEASING = YES;
				CLANG_WARN_BOOL_CONVERSION = YES;
				CLANG_WARN_COMMA = YES;
				CLANG_WARN_CONSTANT_CONVERSION = YES;
				CLANG_WARN_DEPRECATED_OBJC_IMPLEMENTATIONS = YES;
				CLANG_WARN_DIRECT_OBJC_ISA_USAGE = YES_ERROR;
				CLANG_WARN_DOCUMENTATION_COMMENTS = YES;
				CLANG_WARN_EMPTY_BODY = YES;
				CLANG_WARN_ENUM_CONVERSION = YES;
				CLANG_WARN_INFINITE_RECURSION = YES;
				CLANG_WARN_INT_CONVERSION = YES;
				CLANG_WARN_NON_LITERAL_NULL_CONVERSION = YES;
				CLANG_WARN_OBJC_IMPLICIT_RETAIN_SELF = YES;
				CLANG_WARN_OBJC_LITERAL_CONVERSION = YES;
				CLANG_WARN_OBJC_ROOT_CLASS = YES_ERROR;
				CLANG_WARN_RANGE_LOOP_ANALYSIS = YES;
				CLANG_WARN_STRICT_PROTOTYPES = YES;
				CLANG_WARN_SUSPICIOUS_MOVE = YES;
				CLANG_WARN_UNGUARDED_AVAILABILITY = YES_AGGRESSIVE;
				CLANG_WARN_UNREACHABLE_CODE = YES;
				CLANG_WARN__DUPLICATE_METHOD_MATCH = YES;
				CODE_SIGN_IDENTITY = "iPhone Developer";
				COPY_PHASE_STRIP = NO;
				DEBUG_INFORMATION_FORMAT = "dwarf-with-dsym";
				ENABLE_NS_ASSERTIONS = NO;
				ENABLE_STRICT_OBJC_MSGSEND = YES;
				GCC_C_LANGUAGE_STANDARD = gnu11;
				GCC_NO_COMMON_BLOCKS = YES;
				GCC_WARN_64_TO_32_BIT_CONVERSION = YES;
				GCC_WARN_ABOUT_RETURN_TYPE = YES_ERROR;
				GCC_WARN_UNDECLARED_SELECTOR = YES;
				GCC_WARN_UNINITIALIZED_AUTOS = YES_AGGRESSIVE;
				GCC_WARN_UNUSED_FUNCTION = YES;
				GCC_WARN_UNUSED_VARIABLE = YES;
				IPHONEOS_DEPLOYMENT_TARGET = 12.0;
				MTL_ENABLE_DEBUG_INFO = NO;
				MTL_FAST_MATH = YES;
				SDKROOT = iphoneos;
				SWIFT_COMPILATION_MODE = wholemodule;
				SWIFT_OPTIMIZATION_LEVEL = "-O";
				VALIDATE_PRODUCT = YES;
			};
			name = Release;
		};
		4EC0CF282151CA7E00355C29 /* Debug */ = {
			isa = XCBuildConfiguration;
			buildSettings = {
				ASSETCATALOG_COMPILER_APPICON_NAME = AppIcon;
				CODE_SIGN_STYLE = Automatic;
				INFOPLIST_FILE = Persisting/Info.plist;
				LD_RUNPATH_SEARCH_PATHS = (
					"$(inherited)",
					"@executable_path/Frameworks",
				);
				PRODUCT_BUNDLE_IDENTIFIER = com.zabeehqayumi.Persisting;
				PRODUCT_NAME = "$(TARGET_NAME)";
				SWIFT_VERSION = 4.2;
				TARGETED_DEVICE_FAMILY = "1,2";
			};
			name = Debug;
		};
		4EC0CF292151CA7E00355C29 /* Release */ = {
			isa = XCBuildConfiguration;
			buildSettings = {
				ASSETCATALOG_COMPILER_APPICON_NAME = AppIcon;
				CODE_SIGN_STYLE = Automatic;
				INFOPLIST_FILE = Persisting/Info.plist;
				LD_RUNPATH_SEARCH_PATHS = (
					"$(inherited)",
					"@executable_path/Frameworks",
				);
				PRODUCT_BUNDLE_IDENTIFIER = com.zabeehqayumi.Persisting;
				PRODUCT_NAME = "$(TARGET_NAME)";
				SWIFT_VERSION = 4.2;
				TARGETED_DEVICE_FAMILY = "1,2";
			};
			name = Release;
		};
/* End XCBuildConfiguration section */

/* Begin XCConfigurationList section */
		4EC0CF0D2151CA7C00355C29 /* Build configuration list for PBXProject "Persisting" */ = {
			isa = XCConfigurationList;
			buildConfigurations = (
				4EC0CF252151CA7E00355C29 /* Debug */,
				4EC0CF262151CA7E00355C29 /* Release */,
			);
			defaultConfigurationIsVisible = 0;
			defaultConfigurationName = Release;
		};
		4EC0CF272151CA7E00355C29 /* Build configuration list for PBXNativeTarget "Persisting" */ = {
			isa = XCConfigurationList;
			buildConfigurations = (
				4EC0CF282151CA7E00355C29 /* Debug */,
				4EC0CF292151CA7E00355C29 /* Release */,
			);
			defaultConfigurationIsVisible = 0;
			defaultConfigurationName = Release;
		};
/* End XCConfigurationList section */

/* Begin XCVersionGroup section */
		4EC0CF1C2151CA7C00355C29 /* Persisting.xcdatamodeld */ = {
			isa = XCVersionGroup;
			children = (
				4EC0CF1D2151CA7C00355C29 /* Persisting.xcdatamodel */,
			);
			currentVersion = 4EC0CF1D2151CA7C00355C29 /* Persisting.xcdatamodel */;
			path = Persisting.xcdatamodeld;
			sourceTree = "<group>";
			versionGroupType = wrapper.xcdatamodel;
		};
/* End XCVersionGroup section */
	};
	rootObject = 4EC0CF0A2151CA7C00355C29 /* Project object */;
}
